
Microsoft Visual Studio Solution File, Format Version 12.00
# Visual Studio Version 17
VisualStudioVersion = 17.5.002.0
MinimumVisualStudioVersion = 10.0.40219.1
Project("{9A19103F-16F7-4668-BE54-9A1E7A4F7556}") = "article-jwt-auth", "article-jwt-auth.csproj", "{6586DD5C-9BF3-47A6-8ACA-3AB0230A6121}"
EndProject
Global
	GlobalSection(SolutionConfigurationPlatforms) = preSolution
		Debug|Any CPU = Debug|Any CPU
		Release|Any CPU = Release|Any CPU
	EndGlobalSection
	GlobalSection(ProjectConfigurationPlatforms) = postSolution
		{6586DD5C-9BF3-47A6-8ACA-3AB0230A6121}.Debug|Any CPU.ActiveCfg = Debug|Any CPU
		{6586DD5C-9BF3-47A6-8ACA-3AB0230A6121}.Debug|Any CPU.Build.0 = Debug|Any CPU
		{6586DD5C-9BF3-47A6-8ACA-3AB0230A6121}.Release|Any CPU.ActiveCfg = Release|Any CPU
		{6586DD5C-9BF3-47A6-8ACA-3AB0230A6121}.Release|Any CPU.Build.0 = Release|Any CPU
	EndGlobalSection
	GlobalSection(SolutionProperties) = preSolution
		HideSolutionNode = FALSE
	EndGlobalSection
	GlobalSection(ExtensibilityGlobals) = postSolution
		SolutionGuid = {F99C140E-D6A1-44E4-AA6C-6F8FEE5BDB7A}
	EndGlobalSection
EndGlobal
